
Microsoft Visual Studio Solution File, Format Version 12.00
# Visual Studio 15
VisualStudioVersion = 15.0.28307.438
MinimumVisualStudioVersion = 10.0.40219.1
Project("{FAE04EC0-301F-11D3-BF4B-00C04F79EFBC}") = "SNake", "SNake\SNake.csproj", "{942DA0A3-544E-46FF-B7EA-26265B5BCFAA}"
EndProject
Project("{2150E333-8FDC-42A3-9474-1A3956D46DE8}") = "Solution Items", "Solution Items", "{88B41B4D-1281-4485-8E67-1EE01F02B9B9}"
EndProject
Global
	GlobalSection(SolutionConfigurationPlatforms) = preSolution
		Debug|Any CPU = Debug|Any CPU
		Release|Any CPU = Release|Any CPU
	EndGlobalSection
	GlobalSection(ProjectConfigurationPlatforms) = postSolution
		{942DA0A3-544E-46FF-B7EA-26265B5BCFAA}.Debug|Any CPU.ActiveCfg = Debug|Any CPU
		{942DA0A3-544E-46FF-B7EA-26265B5BCFAA}.Debug|Any CPU.Build.0 = Debug|Any CPU
		{942DA0A3-544E-46FF-B7EA-26265B5BCFAA}.Release|Any CPU.ActiveCfg = Release|Any CPU
		{942DA0A3-544E-46FF-B7EA-26265B5BCFAA}.Release|Any CPU.Build.0 = Release|Any CPU
	EndGlobalSection
	GlobalSection(SolutionProperties) = preSolution
		HideSolutionNode = FALSE
	EndGlobalSection
	GlobalSection(ExtensibilityGlobals) = postSolution
		SolutionGuid = {65177229-5913-46D9-B159-7C7F5D772165}
	EndGlobalSection
EndGlobal
